
Microsoft Visual Studio Solution File, Format Version 12.00
# Visual Studio 15
VisualStudioVersion = 15.0.27428.2002
MinimumVisualStudioVersion = 10.0.40219.1
Project("{FAE04EC0-301F-11D3-BF4B-00C04F79EFBC}") = "Calculadora", "Calculadora\Calculadora.csproj", "{F6C42EA5-26AC-4F1C-9779-1D141D61019F}"
EndProject
Global
	GlobalSection(SolutionConfigurationPlatforms) = preSolution
		Debug|Any CPU = Debug|Any CPU
		Release|Any CPU = Release|Any CPU
	EndGlobalSection
	GlobalSection(ProjectConfigurationPlatforms) = postSolution
		{F6C42EA5-26AC-4F1C-9779-1D141D61019F}.Debug|Any CPU.ActiveCfg = Debug|Any CPU
		{F6C42EA5-26AC-4F1C-9779-1D141D61019F}.Debug|Any CPU.Build.0 = Debug|Any CPU
		{F6C42EA5-26AC-4F1C-9779-1D141D61019F}.Release|Any CPU.ActiveCfg = Release|Any CPU
		{F6C42EA5-26AC-4F1C-9779-1D141D61019F}.Release|Any CPU.Build.0 = Release|Any CPU
	EndGlobalSection
	GlobalSection(SolutionProperties) = preSolution
		HideSolutionNode = FALSE
	EndGlobalSection
	GlobalSection(ExtensibilityGlobals) = postSolution
		SolutionGuid = {F1C9D3BC-FE22-4AE8-B501-BD8D00BF08E1}
	EndGlobalSection
EndGlobal
